
Microsoft Visual Studio Solution File, Format Version 12.00
# Visual Studio Version 17
VisualStudioVersion = 17.3.32929.385
MinimumVisualStudioVersion = 10.0.40219.1
Project("{9A19103F-16F7-4668-BE54-9A1E7A4F7556}") = "AddressBookAngular", "addressBook.angular\AddressBookAngular.csproj", "{EEA02A21-BF0B-4A9A-8ED7-2EEDAEE96748}"
EndProject
Global
	GlobalSection(SolutionConfigurationPlatforms) = preSolution
		Debug|Any CPU = Debug|Any CPU
		Release|Any CPU = Release|Any CPU
	EndGlobalSection
	GlobalSection(ProjectConfigurationPlatforms) = postSolution
		{EEA02A21-BF0B-4A9A-8ED7-2EEDAEE96748}.Debug|Any CPU.ActiveCfg = Debug|Any CPU
		{EEA02A21-BF0B-4A9A-8ED7-2EEDAEE96748}.Debug|Any CPU.Build.0 = Debug|Any CPU
		{EEA02A21-BF0B-4A9A-8ED7-2EEDAEE96748}.Release|Any CPU.ActiveCfg = Release|Any CPU
		{EEA02A21-BF0B-4A9A-8ED7-2EEDAEE96748}.Release|Any CPU.Build.0 = Release|Any CPU
	EndGlobalSection
	GlobalSection(SolutionProperties) = preSolution
		HideSolutionNode = FALSE
	EndGlobalSection
	GlobalSection(ExtensibilityGlobals) = postSolution
		SolutionGuid = {7A5EF480-404F-446C-A2EA-AB373805C14B}
	EndGlobalSection
EndGlobal
