
Microsoft Visual Studio Solution File, Format Version 12.00
# Visual Studio Version 17
VisualStudioVersion = 17.1.32421.90
MinimumVisualStudioVersion = 10.0.40219.1
Project("{9A19103F-16F7-4668-BE54-9A1E7A4F7556}") = "AddressBook", "AddressBookAPI\AddressBook.csproj", "{14EA8EA4-F5C7-402E-AEF3-EABF1B8632A2}"
EndProject
Global
	GlobalSection(SolutionConfigurationPlatforms) = preSolution
		Debug|Any CPU = Debug|Any CPU
		Release|Any CPU = Release|Any CPU
	EndGlobalSection
	GlobalSection(ProjectConfigurationPlatforms) = postSolution
		{14EA8EA4-F5C7-402E-AEF3-EABF1B8632A2}.Debug|Any CPU.ActiveCfg = Debug|Any CPU
		{14EA8EA4-F5C7-402E-AEF3-EABF1B8632A2}.Debug|Any CPU.Build.0 = Debug|Any CPU
		{14EA8EA4-F5C7-402E-AEF3-EABF1B8632A2}.Release|Any CPU.ActiveCfg = Release|Any CPU
		{14EA8EA4-F5C7-402E-AEF3-EABF1B8632A2}.Release|Any CPU.Build.0 = Release|Any CPU
	EndGlobalSection
	GlobalSection(SolutionProperties) = preSolution
		HideSolutionNode = FALSE
	EndGlobalSection
	GlobalSection(ExtensibilityGlobals) = postSolution
		SolutionGuid = {BC79A99F-628D-4118-866A-F1B57380349A}
	EndGlobalSection
EndGlobal
